{
  "name": "picr-shared",
  "version": "1.0.0",
  "lockfileVersion": 3,
  "requires": true,
  "packages": {
    "": {
      "name": "picr-shared",
      "version": "1.0.0",
      "license": "ISC",
      "dependencies": {
        "jotai": "^2.12.5",
        "pretty-bytes": "^7.0.0",
        "react": "^19.1.0"
      }
    },
    "node_modules/jotai": {
      "version": "2.12.5",
      "resolved": "https://registry.npmjs.org/jotai/-/jotai-2.12.5.tgz",
      "integrity": "sha512-G8m32HW3lSmcz/4mbqx0hgJIQ0ekndKWiYP7kWVKi0p6saLXdSoye+FZiOFyonnd7Q482LCzm8sMDl7Ar1NWDw==",
      "license": "MIT",
      "engines": {
        "node": ">=12.20.0"
      },
      "peerDependencies": {
        "@types/react": ">=17.0.0",
        "react": ">=17.0.0"
      },
      "peerDependenciesMeta": {
        "@types/react": {
          "optional": true
        },
        "react": {
          "optional": true
        }
      }
    },
    "node_modules/pretty-bytes": {
      "version": "7.0.0",
      "resolved": "https://registry.npmjs.org/pretty-bytes/-/pretty-bytes-7.0.0.tgz",
      "integrity": "sha512-U5otLYPR3L0SVjHGrkEUx5mf7MxV2ceXeE7VwWPk+hyzC5drNohsOGNPDZqxCqyX1lkbEN4kl1LiI8QFd7r0ZA==",
      "license": "MIT",
      "engines": {
        "node": ">=20"
      },
      "funding": {
        "url": "https://github.com/sponsors/sindresorhus"
      }
    },
    "node_modules/react": {
      "version": "19.1.0",
      "resolved": "https://registry.npmjs.org/react/-/react-19.1.0.tgz",
      "integrity": "sha512-FS+XFBNvn3GTAWq26joslQgWNoFu08F4kl0J4CgdNKADkdSGXQyTCnKteIAJy96Br6YbpEU1LSzV5dYtjMkMDg==",
      "license": "MIT",
      "engines": {
        "node": ">=0.10.0"
      }
    }
  }
}
